
Microsoft Visual Studio Solution File, Format Version 12.00
# Visual Studio Version 16
VisualStudioVersion = 16.0.30717.126
MinimumVisualStudioVersion = 10.0.40219.1
Project("{9A19103F-16F7-4668-BE54-9A1E7A4F7556}") = "ServiceHost", "ServiceHost\ServiceHost.csproj", "{763FCA7E-CBEE-4FAF-B00B-8F557D5D2FE9}"
EndProject
Project("{2150E333-8FDC-42A3-9474-1A3956D46DE8}") = "ShopManagement", "ShopManagement", "{44D20CE4-B90B-44B2-91A2-899807CFD17D}"
EndProject
Project("{2150E333-8FDC-42A3-9474-1A3956D46DE8}") = "SM.Domain", "SM.Domain", "{4727DE9D-E9B3-4329-B353-A828A5AB5D92}"
EndProject
Project("{9A19103F-16F7-4668-BE54-9A1E7A4F7556}") = "ShopManagement.Domain", "ShopManagement.Domain\ShopManagement.Domain.csproj", "{ACC3EC4F-0C9C-4CFC-89F7-B35CB5ECC94A}"
EndProject
Project("{9A19103F-16F7-4668-BE54-9A1E7A4F7556}") = "0_Framework", "0_Framework\0_Framework.csproj", "{9FA23365-71DD-4415-A30C-3D6A325CFBAB}"
EndProject
Project("{2150E333-8FDC-42A3-9474-1A3956D46DE8}") = "SM.Application", "SM.Application", "{EE891CEB-C811-4323-BA08-1CAEE0A0D43A}"
EndProject
Project("{9A19103F-16F7-4668-BE54-9A1E7A4F7556}") = "ShopManagement.Application.Contracts", "ShopManagement.Application.Contracts\ShopManagement.Application.Contracts.csproj", "{402AB048-7E12-4022-8175-EAC643294206}"
EndProject
Project("{9A19103F-16F7-4668-BE54-9A1E7A4F7556}") = "ShopManagement.Application", "ShopManagement.Application\ShopManagement.Application.csproj", "{F8E85829-C914-4A83-A8AF-9F2D1B8F3560}"
EndProject
Project("{2150E333-8FDC-42A3-9474-1A3956D46DE8}") = "SM.Infrastructure", "SM.Infrastructure", "{37E44789-09BF-4613-978C-43BBC1C3313F}"
EndProject
Project("{9A19103F-16F7-4668-BE54-9A1E7A4F7556}") = "ShopManagement.Infrastructure", "ShopManagement.Infrastructure\ShopManagement.Infrastructure.csproj", "{707340E0-A29C-45BE-8489-D1B08E07ADAD}"
EndProject
Project("{9A19103F-16F7-4668-BE54-9A1E7A4F7556}") = "ShopManagement.Configuration", "ShopManagement.Configuration\ShopManagement.Configuration.csproj", "{3502D077-6DEB-4E04-8B66-547501B40725}"
EndProject
Project("{9A19103F-16F7-4668-BE54-9A1E7A4F7556}") = "01_ShopQuery", "01_ShopQuery\01_ShopQuery.csproj", "{11D76549-B672-40A7-9171-B0D2E774D14A}"
EndProject
Project("{2150E333-8FDC-42A3-9474-1A3956D46DE8}") = "DiscountManagement", "DiscountManagement", "{20D4664D-6370-4037-AD79-4088511C527C}"
EndProject
Project("{2150E333-8FDC-42A3-9474-1A3956D46DE8}") = "DM.Domain", "DM.Domain", "{624D6B3F-2868-40C3-9900-F828F27DCFFA}"
EndProject
Project("{9A19103F-16F7-4668-BE54-9A1E7A4F7556}") = "DiscountManagement.Domain", "DiscountManagement.Domain\DiscountManagement.Domain.csproj", "{389B1454-F091-47BE-9DA6-FA3D8B2FD306}"
EndProject
Project("{2150E333-8FDC-42A3-9474-1A3956D46DE8}") = "DM.Application", "DM.Application", "{58BEB9F7-7D5A-4EED-B7D6-0B096DB251E8}"
EndProject
Project("{9A19103F-16F7-4668-BE54-9A1E7A4F7556}") = "DiscountManagement.Application.Contracts", "DiscountManagement.Application.Contracts\DiscountManagement.Application.Contracts.csproj", "{9FFDA41E-E01E-4EA5-B3BE-28679D2F48C9}"
EndProject
Project("{9A19103F-16F7-4668-BE54-9A1E7A4F7556}") = "DiscountManagement.Application", "DiscountManagment.Application\DiscountManagement.Application.csproj", "{06173FBB-8307-4C41-BC66-51126F47DC83}"
EndProject
Project("{2150E333-8FDC-42A3-9474-1A3956D46DE8}") = "DM.Infrastructure", "DM.Infrastructure", "{A9B11845-7446-43C0-AADA-31DF9A66BF2B}"
EndProject
Project("{9A19103F-16F7-4668-BE54-9A1E7A4F7556}") = "DiscountManagement.Infrastructure", "DiscountManagement.Infrastucture\DiscountManagement.Infrastructure.csproj", "{DBCF188E-6786-4351-A75C-79F0841A632D}"
EndProject
Project("{9A19103F-16F7-4668-BE54-9A1E7A4F7556}") = "DiscountManagement.Infrastructure.Configuration", "DiscountManagement.Infrastructure.Configuration\DiscountManagement.Infrastructure.Configuration.csproj", "{85570288-35A3-4DD8-905F-95A410E00DB6}"
EndProject
Project("{2150E333-8FDC-42A3-9474-1A3956D46DE8}") = "InventoryManagement", "InventoryManagement", "{52697B2D-B6C0-4DAD-9041-C815768E259E}"
EndProject
Project("{2150E333-8FDC-42A3-9474-1A3956D46DE8}") = "IM.Domain", "IM.Domain", "{C1A32DEC-79E9-42A4-8AAB-62F3EFBF9366}"
EndProject
Project("{2150E333-8FDC-42A3-9474-1A3956D46DE8}") = "IM.Application", "IM.Application", "{42AC3348-E48E-480C-A884-76A8AF579169}"
EndProject
Project("{2150E333-8FDC-42A3-9474-1A3956D46DE8}") = "IM.Infrastructure", "IM.Infrastructure", "{9A477CE2-D2F0-4F99-B3C0-63AFB49A109E}"
EndProject
Project("{FAE04EC0-301F-11D3-BF4B-00C04F79EFBC}") = "InventoryManagement.Domain", "InventoryManagement.Domain\InventoryManagement.Domain.csproj", "{0F9DC171-0E4A-4D86-AFEF-98BC2C95FFC0}"
EndProject
Project("{FAE04EC0-301F-11D3-BF4B-00C04F79EFBC}") = "InventoryManagement.Application", "InventoryManagement.Application\InventoryManagement.Application.csproj", "{F94458F8-4646-4282-A163-DDA22AF1244A}"
EndProject
Project("{FAE04EC0-301F-11D3-BF4B-00C04F79EFBC}") = "InventoryManagement.Application.Contracts", "InventoryManagement.Application.Contracts\InventoryManagement.Application.Contracts.csproj", "{2BC13A05-16AC-4501-9DA8-94886A7C5D34}"
EndProject
Project("{FAE04EC0-301F-11D3-BF4B-00C04F79EFBC}") = "InventoryManagement.Infrastructure", "InventoryManagement.Infrastructure\InventoryManagement.Infrastructure.csproj", "{9C7FCFB8-4B9D-4A13-9998-39AA0ECC8497}"
EndProject
Project("{FAE04EC0-301F-11D3-BF4B-00C04F79EFBC}") = "InventoryManagement.Configuration", "InventoryManagement.Configuration\InventoryManagement.Configuration.csproj", "{B8326F88-EB79-4797-BF64-F86DA6DF9D74}"
EndProject
Global
	GlobalSection(SolutionConfigurationPlatforms) = preSolution
		Debug|Any CPU = Debug|Any CPU
		Release|Any CPU = Release|Any CPU
	EndGlobalSection
	GlobalSection(ProjectConfigurationPlatforms) = postSolution
		{763FCA7E-CBEE-4FAF-B00B-8F557D5D2FE9}.Debug|Any CPU.ActiveCfg = Debug|Any CPU
		{763FCA7E-CBEE-4FAF-B00B-8F557D5D2FE9}.Debug|Any CPU.Build.0 = Debug|Any CPU
		{763FCA7E-CBEE-4FAF-B00B-8F557D5D2FE9}.Release|Any CPU.ActiveCfg = Release|Any CPU
		{763FCA7E-CBEE-4FAF-B00B-8F557D5D2FE9}.Release|Any CPU.Build.0 = Release|Any CPU
		{ACC3EC4F-0C9C-4CFC-89F7-B35CB5ECC94A}.Debug|Any CPU.ActiveCfg = Debug|Any CPU
		{ACC3EC4F-0C9C-4CFC-89F7-B35CB5ECC94A}.Debug|Any CPU.Build.0 = Debug|Any CPU
		{ACC3EC4F-0C9C-4CFC-89F7-B35CB5ECC94A}.Release|Any CPU.ActiveCfg = Release|Any CPU
		{ACC3EC4F-0C9C-4CFC-89F7-B35CB5ECC94A}.Release|Any CPU.Build.0 = Release|Any CPU
		{9FA23365-71DD-4415-A30C-3D6A325CFBAB}.Debug|Any CPU.ActiveCfg = Debug|Any CPU
		{9FA23365-71DD-4415-A30C-3D6A325CFBAB}.Debug|Any CPU.Build.0 = Debug|Any CPU
		{9FA23365-71DD-4415-A30C-3D6A325CFBAB}.Release|Any CPU.ActiveCfg = Release|Any CPU
		{9FA23365-71DD-4415-A30C-3D6A325CFBAB}.Release|Any CPU.Build.0 = Release|Any CPU
		{402AB048-7E12-4022-8175-EAC643294206}.Debug|Any CPU.ActiveCfg = Debug|Any CPU
		{402AB048-7E12-4022-8175-EAC643294206}.Debug|Any CPU.Build.0 = Debug|Any CPU
		{402AB048-7E12-4022-8175-EAC643294206}.Release|Any CPU.ActiveCfg = Release|Any CPU
		{402AB048-7E12-4022-8175-EAC643294206}.Release|Any CPU.Build.0 = Release|Any CPU
		{F8E85829-C914-4A83-A8AF-9F2D1B8F3560}.Debug|Any CPU.ActiveCfg = Debug|Any CPU
		{F8E85829-C914-4A83-A8AF-9F2D1B8F3560}.Debug|Any CPU.Build.0 = Debug|Any CPU
		{F8E85829-C914-4A83-A8AF-9F2D1B8F3560}.Release|Any CPU.ActiveCfg = Release|Any CPU
		{F8E85829-C914-4A83-A8AF-9F2D1B8F3560}.Release|Any CPU.Build.0 = Release|Any CPU
		{707340E0-A29C-45BE-8489-D1B08E07ADAD}.Debug|Any CPU.ActiveCfg = Debug|Any CPU
		{707340E0-A29C-45BE-8489-D1B08E07ADAD}.Debug|Any CPU.Build.0 = Debug|Any CPU
		{707340E0-A29C-45BE-8489-D1B08E07ADAD}.Release|Any CPU.ActiveCfg = Release|Any CPU
		{707340E0-A29C-45BE-8489-D1B08E07ADAD}.Release|Any CPU.Build.0 = Release|Any CPU
		{3502D077-6DEB-4E04-8B66-547501B40725}.Debug|Any CPU.ActiveCfg = Debug|Any CPU
		{3502D077-6DEB-4E04-8B66-547501B40725}.Debug|Any CPU.Build.0 = Debug|Any CPU
		{3502D077-6DEB-4E04-8B66-547501B40725}.Release|Any CPU.ActiveCfg = Release|Any CPU
		{3502D077-6DEB-4E04-8B66-547501B40725}.Release|Any CPU.Build.0 = Release|Any CPU
		{11D76549-B672-40A7-9171-B0D2E774D14A}.Debug|Any CPU.ActiveCfg = Debug|Any CPU
		{11D76549-B672-40A7-9171-B0D2E774D14A}.Debug|Any CPU.Build.0 = Debug|Any CPU
		{11D76549-B672-40A7-9171-B0D2E774D14A}.Release|Any CPU.ActiveCfg = Release|Any CPU
		{11D76549-B672-40A7-9171-B0D2E774D14A}.Release|Any CPU.Build.0 = Release|Any CPU
		{389B1454-F091-47BE-9DA6-FA3D8B2FD306}.Debug|Any CPU.ActiveCfg = Debug|Any CPU
		{389B1454-F091-47BE-9DA6-FA3D8B2FD306}.Debug|Any CPU.Build.0 = Debug|Any CPU
		{389B1454-F091-47BE-9DA6-FA3D8B2FD306}.Release|Any CPU.ActiveCfg = Release|Any CPU
		{389B1454-F091-47BE-9DA6-FA3D8B2FD306}.Release|Any CPU.Build.0 = Release|Any CPU
		{9FFDA41E-E01E-4EA5-B3BE-28679D2F48C9}.Debug|Any CPU.ActiveCfg = Debug|Any CPU
		{9FFDA41E-E01E-4EA5-B3BE-28679D2F48C9}.Debug|Any CPU.Build.0 = Debug|Any CPU
		{9FFDA41E-E01E-4EA5-B3BE-28679D2F48C9}.Release|Any CPU.ActiveCfg = Release|Any CPU
		{9FFDA41E-E01E-4EA5-B3BE-28679D2F48C9}.Release|Any CPU.Build.0 = Release|Any CPU
		{06173FBB-8307-4C41-BC66-51126F47DC83}.Debug|Any CPU.ActiveCfg = Debug|Any CPU
		{06173FBB-8307-4C41-BC66-51126F47DC83}.Debug|Any CPU.Build.0 = Debug|Any CPU
		{06173FBB-8307-4C41-BC66-51126F47DC83}.Release|Any CPU.ActiveCfg = Release|Any CPU
		{06173FBB-8307-4C41-BC66-51126F47DC83}.Release|Any CPU.Build.0 = Release|Any CPU
		{DBCF188E-6786-4351-A75C-79F0841A632D}.Debug|Any CPU.ActiveCfg = Debug|Any CPU
		{DBCF188E-6786-4351-A75C-79F0841A632D}.Debug|Any CPU.Build.0 = Debug|Any CPU
		{DBCF188E-6786-4351-A75C-79F0841A632D}.Release|Any CPU.ActiveCfg = Release|Any CPU
		{DBCF188E-6786-4351-A75C-79F0841A632D}.Release|Any CPU.Build.0 = Release|Any CPU
		{85570288-35A3-4DD8-905F-95A410E00DB6}.Debug|Any CPU.ActiveCfg = Debug|Any CPU
		{85570288-35A3-4DD8-905F-95A410E00DB6}.Debug|Any CPU.Build.0 = Debug|Any CPU
		{85570288-35A3-4DD8-905F-95A410E00DB6}.Release|Any CPU.ActiveCfg = Release|Any CPU
		{85570288-35A3-4DD8-905F-95A410E00DB6}.Release|Any CPU.Build.0 = Release|Any CPU
		{0F9DC171-0E4A-4D86-AFEF-98BC2C95FFC0}.Debug|Any CPU.ActiveCfg = Debug|Any CPU
		{0F9DC171-0E4A-4D86-AFEF-98BC2C95FFC0}.Debug|Any CPU.Build.0 = Debug|Any CPU
		{0F9DC171-0E4A-4D86-AFEF-98BC2C95FFC0}.Release|Any CPU.ActiveCfg = Release|Any CPU
		{0F9DC171-0E4A-4D86-AFEF-98BC2C95FFC0}.Release|Any CPU.Build.0 = Release|Any CPU
		{F94458F8-4646-4282-A163-DDA22AF1244A}.Debug|Any CPU.ActiveCfg = Debug|Any CPU
		{F94458F8-4646-4282-A163-DDA22AF1244A}.Debug|Any CPU.Build.0 = Debug|Any CPU
		{F94458F8-4646-4282-A163-DDA22AF1244A}.Release|Any CPU.ActiveCfg = Release|Any CPU
		{F94458F8-4646-4282-A163-DDA22AF1244A}.Release|Any CPU.Build.0 = Release|Any CPU
		{2BC13A05-16AC-4501-9DA8-94886A7C5D34}.Debug|Any CPU.ActiveCfg = Debug|Any CPU
		{2BC13A05-16AC-4501-9DA8-94886A7C5D34}.Debug|Any CPU.Build.0 = Debug|Any CPU
		{2BC13A05-16AC-4501-9DA8-94886A7C5D34}.Release|Any CPU.ActiveCfg = Release|Any CPU
		{2BC13A05-16AC-4501-9DA8-94886A7C5D34}.Release|Any CPU.Build.0 = Release|Any CPU
		{9C7FCFB8-4B9D-4A13-9998-39AA0ECC8497}.Debug|Any CPU.ActiveCfg = Debug|Any CPU
		{9C7FCFB8-4B9D-4A13-9998-39AA0ECC8497}.Debug|Any CPU.Build.0 = Debug|Any CPU
		{9C7FCFB8-4B9D-4A13-9998-39AA0ECC8497}.Release|Any CPU.ActiveCfg = Release|Any CPU
		{9C7FCFB8-4B9D-4A13-9998-39AA0ECC8497}.Release|Any CPU.Build.0 = Release|Any CPU
		{B8326F88-EB79-4797-BF64-F86DA6DF9D74}.Debug|Any CPU.ActiveCfg = Debug|Any CPU
		{B8326F88-EB79-4797-BF64-F86DA6DF9D74}.Debug|Any CPU.Build.0 = Debug|Any CPU
		{B8326F88-EB79-4797-BF64-F86DA6DF9D74}.Release|Any CPU.ActiveCfg = Release|Any CPU
		{B8326F88-EB79-4797-BF64-F86DA6DF9D74}.Release|Any CPU.Build.0 = Release|Any CPU
	EndGlobalSection
	GlobalSection(SolutionProperties) = preSolution
		HideSolutionNode = FALSE
	EndGlobalSection
	GlobalSection(NestedProjects) = preSolution
		{4727DE9D-E9B3-4329-B353-A828A5AB5D92} = {44D20CE4-B90B-44B2-91A2-899807CFD17D}
		{ACC3EC4F-0C9C-4CFC-89F7-B35CB5ECC94A} = {4727DE9D-E9B3-4329-B353-A828A5AB5D92}
		{EE891CEB-C811-4323-BA08-1CAEE0A0D43A} = {44D20CE4-B90B-44B2-91A2-899807CFD17D}
		{402AB048-7E12-4022-8175-EAC643294206} = {EE891CEB-C811-4323-BA08-1CAEE0A0D43A}
		{F8E85829-C914-4A83-A8AF-9F2D1B8F3560} = {EE891CEB-C811-4323-BA08-1CAEE0A0D43A}
		{37E44789-09BF-4613-978C-43BBC1C3313F} = {44D20CE4-B90B-44B2-91A2-899807CFD17D}
		{707340E0-A29C-45BE-8489-D1B08E07ADAD} = {37E44789-09BF-4613-978C-43BBC1C3313F}
		{3502D077-6DEB-4E04-8B66-547501B40725} = {37E44789-09BF-4613-978C-43BBC1C3313F}
		{624D6B3F-2868-40C3-9900-F828F27DCFFA} = {20D4664D-6370-4037-AD79-4088511C527C}
		{389B1454-F091-47BE-9DA6-FA3D8B2FD306} = {624D6B3F-2868-40C3-9900-F828F27DCFFA}
		{58BEB9F7-7D5A-4EED-B7D6-0B096DB251E8} = {20D4664D-6370-4037-AD79-4088511C527C}
		{9FFDA41E-E01E-4EA5-B3BE-28679D2F48C9} = {58BEB9F7-7D5A-4EED-B7D6-0B096DB251E8}
		{06173FBB-8307-4C41-BC66-51126F47DC83} = {58BEB9F7-7D5A-4EED-B7D6-0B096DB251E8}
		{A9B11845-7446-43C0-AADA-31DF9A66BF2B} = {20D4664D-6370-4037-AD79-4088511C527C}
		{DBCF188E-6786-4351-A75C-79F0841A632D} = {A9B11845-7446-43C0-AADA-31DF9A66BF2B}
		{85570288-35A3-4DD8-905F-95A410E00DB6} = {A9B11845-7446-43C0-AADA-31DF9A66BF2B}
		{C1A32DEC-79E9-42A4-8AAB-62F3EFBF9366} = {52697B2D-B6C0-4DAD-9041-C815768E259E}
		{42AC3348-E48E-480C-A884-76A8AF579169} = {52697B2D-B6C0-4DAD-9041-C815768E259E}
		{9A477CE2-D2F0-4F99-B3C0-63AFB49A109E} = {52697B2D-B6C0-4DAD-9041-C815768E259E}
		{0F9DC171-0E4A-4D86-AFEF-98BC2C95FFC0} = {C1A32DEC-79E9-42A4-8AAB-62F3EFBF9366}
		{F94458F8-4646-4282-A163-DDA22AF1244A} = {42AC3348-E48E-480C-A884-76A8AF579169}
		{2BC13A05-16AC-4501-9DA8-94886A7C5D34} = {42AC3348-E48E-480C-A884-76A8AF579169}
		{9C7FCFB8-4B9D-4A13-9998-39AA0ECC8497} = {9A477CE2-D2F0-4F99-B3C0-63AFB49A109E}
		{B8326F88-EB79-4797-BF64-F86DA6DF9D74} = {9A477CE2-D2F0-4F99-B3C0-63AFB49A109E}
	EndGlobalSection
	GlobalSection(ExtensibilityGlobals) = postSolution
		SolutionGuid = {6407D574-83A2-4A7B-805D-620458759673}
	EndGlobalSection
EndGlobal
